
Microsoft Visual Studio Solution File, Format Version 12.00
# Visual Studio Version 17
VisualStudioVersion = 17.5.33414.496
MinimumVisualStudioVersion = 10.0.40219.1
Project("{9A19103F-16F7-4668-BE54-9A1E7A4F7556}") = "CallLogTesting", "CallLogTesting\CallLogTesting.csproj", "{575BBFF0-A13B-470D-8B1B-C2856D6C2970}"
EndProject
Global
	GlobalSection(SolutionConfigurationPlatforms) = preSolution
		Debug|Any CPU = Debug|Any CPU
		Release|Any CPU = Release|Any CPU
	EndGlobalSection
	GlobalSection(ProjectConfigurationPlatforms) = postSolution
		{575BBFF0-A13B-470D-8B1B-C2856D6C2970}.Debug|Any CPU.ActiveCfg = Debug|Any CPU
		{575BBFF0-A13B-470D-8B1B-C2856D6C2970}.Debug|Any CPU.Build.0 = Debug|Any CPU
		{575BBFF0-A13B-470D-8B1B-C2856D6C2970}.Release|Any CPU.ActiveCfg = Release|Any CPU
		{575BBFF0-A13B-470D-8B1B-C2856D6C2970}.Release|Any CPU.Build.0 = Release|Any CPU
	EndGlobalSection
	GlobalSection(SolutionProperties) = preSolution
		HideSolutionNode = FALSE
	EndGlobalSection
	GlobalSection(ExtensibilityGlobals) = postSolution
		SolutionGuid = {B0BA33B7-160C-46D6-AD33-01C7AB07CF34}
	EndGlobalSection
EndGlobal
